
Microsoft Visual Studio Solution File, Format Version 12.00
# Visual Studio Version 17
VisualStudioVersion = 17.4.33205.214
MinimumVisualStudioVersion = 10.0.40219.1
Project("{FAE04EC0-301F-11D3-BF4B-00C04F79EFBC}") = "Tenta_Version6", "Tenta_Version6\Tenta_Version6.csproj", "{0F93DF20-9DD2-4B2E-8A00-1D4C18E031FD}"
EndProject
Global
	GlobalSection(SolutionConfigurationPlatforms) = preSolution
		Debug|Any CPU = Debug|Any CPU
		Release|Any CPU = Release|Any CPU
	EndGlobalSection
	GlobalSection(ProjectConfigurationPlatforms) = postSolution
		{0F93DF20-9DD2-4B2E-8A00-1D4C18E031FD}.Debug|Any CPU.ActiveCfg = Debug|Any CPU
		{0F93DF20-9DD2-4B2E-8A00-1D4C18E031FD}.Debug|Any CPU.Build.0 = Debug|Any CPU
		{0F93DF20-9DD2-4B2E-8A00-1D4C18E031FD}.Release|Any CPU.ActiveCfg = Release|Any CPU
		{0F93DF20-9DD2-4B2E-8A00-1D4C18E031FD}.Release|Any CPU.Build.0 = Release|Any CPU
	EndGlobalSection
	GlobalSection(SolutionProperties) = preSolution
		HideSolutionNode = FALSE
	EndGlobalSection
	GlobalSection(ExtensibilityGlobals) = postSolution
		SolutionGuid = {3084FE2C-25D2-4091-BC27-415C14BFE460}
	EndGlobalSection
EndGlobal
